[[package]]
name = "ntplib"
version = "0.4.0"
description = "Python NTP library"
category = "main"
optional = false
python-versions = "*"

[[package]]
name = "pycryptodome"
version = "3.10.4"
description = "Cryptographic library for Python"
category = "main"
optional = false
python-versions = ">=2.7, !=3.0.*, !=3.1.*, !=3.2.*, !=3.3.*, !=3.4.*"

[metadata]
lock-version = "1.1"
python-versions = "^3.8"
content-hash = "16ef3876c8cffab22a29a29fddfc05a81167780501d34bf152c91bd8131520b3"

[metadata.files]
ntplib = [
    {file = "ntplib-0.4.0-py2.py3-none-any.whl", hash = "sha256:8d27375329ed7ff38755f7b6d4658b28edc147cadf40338a63a0da8133469d60"},
    {file = "ntplib-0.4.0.tar.gz", hash = "sha256:899d8fb5f8c2555213aea95efca02934c7343df6ace9d7628a5176b176906267"},
]
pycryptodome = [
    {file = "pycryptodome-3.10.4-cp27-cp27m-macosx_10_9_x86_64.whl", hash = "sha256:91ba4215a1f37d0f371fe43bc88c5ff49c274849f3868321c889313787de7672"},
    {file = "pycryptodome-3.10.4-cp27-cp27m-manylinux1_i686.whl", hash = "sha256:66301e4c42dee43ee2da256625d3fe81ef98cc9924c2bd535008cc3ad8ded77b"},
    {file = "pycryptodome-3.10.4-cp27-cp27m-manylinux1_x86_64.whl", hash = "sha256:8ec154ec445412df31acf0096e7f715e30e167c8f2318b8f5b1ab7c28f4c82f7"},
    {file = "pycryptodome-3.10.4-cp27-cp27m-manylinux2010_i686.whl", hash = "sha256:8e82524e7c354033508891405574d12e612cc4fdd3b55d2c238fc1a3e300b606"},
    {file = "pycryptodome-3.10.4-cp27-cp27m-manylinux2010_x86_64.whl", hash = "sha256:b217b4525e60e1af552d62bec01b4685095436d4de5ecde0f05d75b2f95ba6d4"},
    {file = "pycryptodome-3.10.4-cp27-cp27m-manylinux2014_aarch64.whl", hash = "sha256:3a153658d97258ca20bf18f7fe31c09cc7c558b6f8974a6ec74e19f6c634bd64"},
    {file = "pycryptodome-3.10.4-cp27-cp27m-win32.whl", hash = "sha256:c6469d1453f5864e3321a172b0aa671b938d753cbf2376b99fa2ab8841539bb8"},
    {file = "pycryptodome-3.10.4-cp27-cp27m-win_amd64.whl", hash = "sha256:6b45fcace5a5d9c57ba87cf804b161adc62aa826295ce7f7acbcbdc0df74ed37"},
    {file = "pycryptodome-3.10.4-cp27-cp27mu-manylinux1_i686.whl", hash = "sha256:b1daf251395af7336ddde6a0015ba5e632c18fe646ba930ef87402537358e3b4"},
    {file = "pycryptodome-3.10.4-cp27-cp27mu-manylinux1_x86_64.whl", hash = "sha256:9a2312440057bf29b9582f72f14d79692044e63bfbc4b4bbea8559355f44f3dd"},
    {file = "pycryptodome-3.10.4-cp27-cp27mu-manylinux2010_i686.whl", hash = "sha256:54d4e4d45f349d8c4e2f31c2734637ff62a844af391b833f789da88e43a8f338"},
    {file = "pycryptodome-3.10.4-cp27-cp27mu-manylinux2010_x86_64.whl", hash = "sha256:97e7df67a4da2e3f60612bbfd6c3f243a63a15d8f4797dd275e1d7b44a65cb12"},
    {file = "pycryptodome-3.10.4-cp27-cp27mu-manylinux2014_aarch64.whl", hash = "sha256:db15fa07d2a4c00beeb5e9acdfdbc1c79f9ccfbdc1a8f36c82c4aa44951b33c9"},
    {file = "pycryptodome-3.10.4-cp35-abi3-macosx_10_9_x86_64.whl", hash = "sha256:217dcc0c92503f7dd4b3d3b7d974331a4419f97f555c99a845c3b366fed7056b"},
    {file = "pycryptodome-3.10.4-cp35-abi3-manylinux1_i686.whl", hash = "sha256:a7471646d8cd1a58bb696d667dcb3853e5c9b341b68dcf3c3cc0893d0f98ca5f"},
    {file = "pycryptodome-3.10.4-cp35-abi3-manylinux1_x86_64.whl", hash = "sha256:d713dc0910e5ded07852a05e9b75f1dd9d3a31895eebee0668f612779b2a748c"},
    {file = "pycryptodome-3.10.4-cp35-abi3-manylinux2010_i686.whl", hash = "sha256:ac3012c36633564b2b5539bb7c6d9175f31d2ce74844e9abe654c428f02d0fd8"},
    {file = "pycryptodome-3.10.4-cp35-abi3-manylinux2010_x86_64.whl", hash = "sha256:3f9fb499e267039262569d08658132c9cd8b136bf1d8c56b72f70ed05551e526"},
    {file = "pycryptodome-3.10.4-cp35-abi3-manylinux2014_aarch64.whl", hash = "sha256:309529d2526f3fb47102aeef376b3459110a6af7efb162e860b32e3a17a46f06"},
    {file = "pycryptodome-3.10.4-cp35-abi3-win32.whl", hash = "sha256:7efec2418e9746ec48e264eea431f8e422d931f71c57b1c96ee202b117f58fa9"},
    {file = "pycryptodome-3.10.4-cp35-abi3-win_amd64.whl", hash = "sha256:49e54f2245befb0193848c8c8031d8d1358ed4af5a1ae8d0a3ba669a5cdd3a72"},
    {file = "pycryptodome-3.10.4-pp27-pypy_73-macosx_10_9_x86_64.whl", hash = "sha256:4e8fc4c48365ce8a542fe48bf1360da05bb2851df12f64fc94d751705e7cdbe7"},
    {file = "pycryptodome-3.10.4-pp27-pypy_73-manylinux1_x86_64.whl", hash = "sha256:851e6d4930b160417235955322db44adbdb19589918670d63f4acd5d92959ac0"},
    {file = "pycryptodome-3.10.4-pp27-pypy_73-manylinux2010_x86_64.whl", hash = "sha256:04e14c732c3693d2830839feed5129286ce47ffa8bfe90e4ae042c773e51c677"},
    {file = "pycryptodome-3.10.4-pp27-pypy_73-win32.whl", hash = "sha256:cefe6b267b8e5c3c72e11adec35a9c7285b62e8ea141b63e87055e9a9e5f2f8c"},
    {file = "pycryptodome-3.10.4-pp36-pypy36_pp73-macosx_10_9_x86_64.whl", hash = "sha256:24c1b7705d19d8ae3e7255431efd2e526006855df62620118dd7b5374c6372f6"},
    {file = "pycryptodome-3.10.4-pp36-pypy36_pp73-manylinux1_x86_64.whl", hash = "sha256:c61ea053bd5d4c12a063d7e704fbe1c45abb5d2510dab55bd95d166ba661604f"},
    {file = "pycryptodome-3.10.4-pp36-pypy36_pp73-manylinux2010_x86_64.whl", hash = "sha256:11d3164fb49fdee000fde05baecce103c0c698168ef1a18d9c7429dd66f0f5bb"},
    {file = "pycryptodome-3.10.4-pp36-pypy36_pp73-win32.whl", hash = "sha256:3faa6ebd35c61718f3f8862569c1f38450c24f3ededb213e1a64806f02f584bc"},
    {file = "pycryptodome-3.10.4.tar.gz", hash = "sha256:40083b0d7f277452c7f2dd4841801f058cc12a74c219ee4110d65774c6a58bef"},
]
